# This file was autogenerated by Stack.
# You should not edit this file by hand.
# For more information, please see the documentation at:
#   https://docs.haskellstack.org/en/stable/lock_files

packages:
- completed:
    hackage: JuicyPixels-repa-0.7.1.0@sha256:ffbebd96efbf6af83eb14ee9c89259acf5a9a7d504644f2a35577bd66406ae69,898
    pantry-tree:
      sha256: 951d640678453f8e41fa6aac78eed1fea260d71152abfcd1b7e8c2fe936d2581
      size: 222
  original:
    hackage: JuicyPixels-repa-0.7.1.0@sha256:ffbebd96efbf6af83eb14ee9c89259acf5a9a7d504644f2a35577bd66406ae69,898
snapshots:
- completed:
    sha256: 14ca51a9a597c32dd7804c10d079feea3d0ae40c5fbbb346cbd67b3ae49f6d01
    size: 649598
    url: https://raw.githubusercontent.com/commercialhaskell/stackage-snapshots/master/lts/20/17.yaml
  original:
    url: https://raw.githubusercontent.com/commercialhaskell/stackage-snapshots/master/lts/20/17.yaml
